
Microsoft Visual Studio Solution File, Format Version 12.00
Project("{FAE04EC0-301F-11D3-BF4B-00C04F79EFBC}") = "PersonalFinanceTracker.API", "PersonalFinanceTracker.API\PersonalFinanceTracker.API.csproj", "{9CE55A4A-F573-4915-B4A3-F8FFF549FFB9}"
EndProject
Global
	GlobalSection(SolutionConfigurationPlatforms) = preSolution
		Debug|Any CPU = Debug|Any CPU
		Release|Any CPU = Release|Any CPU
	EndGlobalSection
	GlobalSection(ProjectConfigurationPlatforms) = postSolution
		{9CE55A4A-F573-4915-B4A3-F8FFF549FFB9}.Debug|Any CPU.ActiveCfg = Debug|Any CPU
		{9CE55A4A-F573-4915-B4A3-F8FFF549FFB9}.Debug|Any CPU.Build.0 = Debug|Any CPU
		{9CE55A4A-F573-4915-B4A3-F8FFF549FFB9}.Release|Any CPU.ActiveCfg = Release|Any CPU
		{9CE55A4A-F573-4915-B4A3-F8FFF549FFB9}.Release|Any CPU.Build.0 = Release|Any CPU
	EndGlobalSection
EndGlobal
